{
  "name": "@prereason/mcp",
  "version": "0.5.6",
  "lockfileVersion": 3,
  "requires": true,
  "packages": {
    "": {
      "name": "@prereason/mcp",
      "version": "0.5.6",
      "license": "MIT",
      "bin": {
        "prereason-mcp": "bin/cli.js"
      },
      "engines": {
        "node": ">=18"
      },
      "funding": {
        "type": "individual",
        "url": "https://www.prereason.com/signup"
      }
    }
  }
}
